// !$*UTF8*$!
{
	archiveVersion = 1;
	classes = {
	};
	objectVersion = 77;
	objects = {

/* Begin PBXBuildFile section */
		3F609FC825104E3FBF87B6CC /* manifest.json in Resources */ = {isa = PBXBuildFile; fileRef = 9621F07D03B5374AA1B444CF /* manifest.json */; };
		418FFB3D3B8FB68A3C7EB231 /* GLMPlugin.swift in Sources */ = {isa = PBXBuildFile; fileRef = 7876649F623F2C2A74890BE2 /* GLMPlugin.swift */; };
		42B33D3967F3926CA1120F61 /* Localizable.xcstrings in Resources */ = {isa = PBXBuildFile; fileRef = 59869806E9BF8634A31F0082 /* Localizable.xcstrings */; };
		5528001F89CD3BA9ED338F32 /* MiniMaxPlugin.swift in Sources */ = {isa = PBXBuildFile; fileRef = 103BD9E3D56F1A6430E57E81 /* MiniMaxPlugin.swift */; };
		5D848B5FE176DFDD62765F40 /* DavyWhisperPluginSDK in Frameworks */ = {isa = PBXBuildFile; productRef = 25D03553312F4A5F890A012B /* DavyWhisperPluginSDK */; };
		738BF608A392DBE2516307DD /* DavyWhisperPluginSDK in Frameworks */ = {isa = PBXBuildFile; productRef = 26CA916EDE2D0B4B3073F4BF /* DavyWhisperPluginSDK */; };
		789B4C93143862ADC07C038C /* manifest.json in Resources */ = {isa = PBXBuildFile; fileRef = 90157D5C33450B5E82BE041A /* manifest.json */; };
		B08A468933546EF4888DED17 /* Localizable.xcstrings in Resources */ = {isa = PBXBuildFile; fileRef = C8BC12CFA316A84BB625CA18 /* Localizable.xcstrings */; };
		B7EC1A005D3747EB8C2547D3 /* manifest.json in Resources */ = {isa = PBXBuildFile; fileRef = A9F8AA567708CE9A2423D2AC /* manifest.json */; };
		D488D5BC113F51B6C353CCA6 /* DavyWhisperPluginSDK in Frameworks */ = {isa = PBXBuildFile; productRef = 3A17D13EC3ED1429464B94E4 /* DavyWhisperPluginSDK */; };
		EEB1780691FE6766E83A382A /* KimiPlugin.swift in Sources */ = {isa = PBXBuildFile; fileRef = 0EE412DD7DC86AB4898450F9 /* KimiPlugin.swift */; };
		FC9A26D9FC101D1F986D46CC /* Localizable.xcstrings in Resources */ = {isa = PBXBuildFile; fileRef = D126FDE5D82C385EBB95DB5A /* Localizable.xcstrings */; };
		DD000000000000000000A1 /* QwenLLMPlugin.swift in Sources */ = {isa = PBXBuildFile; fileRef = DD000000000000000000B1 /* QwenLLMPlugin.swift */; };
		DD000000000000000000A2 /* manifest.json in Resources */ = {isa = PBXBuildFile; fileRef = DD000000000000000000B2 /* manifest.json */; };
		DD000000000000000000A3 /* Localizable.xcstrings in Resources */ = {isa = PBXBuildFile; fileRef = DD000000000000000000B3 /* Localizable.xcstrings */; };
		DD000000000000000000A4 /* DavyWhisperPluginSDK in Frameworks */ = {isa = PBXBuildFile; productRef = DD000000000000000000C1 /* DavyWhisperPluginSDK */; };
/* End PBXBuildFile section */

/* Begin PBXFileReference section */
		0EE412DD7DC86AB4898450F9 /* KimiPlugin.swift */ = {isa = PBXFileReference; lastKnownFileType = sourcecode.swift; path = KimiPlugin.swift; sourceTree = "<group>"; };
		103BD9E3D56F1A6430E57E81 /* MiniMaxPlugin.swift */ = {isa = PBXFileReference; lastKnownFileType = sourcecode.swift; path = MiniMaxPlugin.swift; sourceTree = "<group>"; };
		10D8C9E7AFC81BC1E1409048 /* DavyWhisperPluginSDK */ = {isa = PBXFileReference; lastKnownFileType = folder; name = DavyWhisperPluginSDK; path = ../DavyWhisperPluginSDK; sourceTree = SOURCE_ROOT; };
		1486EF56E3B069C5DC1B6826 /* MiniMaxPlugin.bundle */ = {isa = PBXFileReference; explicitFileType = wrapper.cfbundle; includeInIndex = 0; path = MiniMaxPlugin.bundle; sourceTree = BUILT_PRODUCTS_DIR; };
		2DBE96F8EC214609A34A0423 /* KimiPlugin.bundle */ = {isa = PBXFileReference; explicitFileType = wrapper.cfbundle; includeInIndex = 0; path = KimiPlugin.bundle; sourceTree = BUILT_PRODUCTS_DIR; };
		4000088132AC66C2D852C1E4 /* GLMPlugin.bundle */ = {isa = PBXFileReference; explicitFileType = wrapper.cfbundle; includeInIndex = 0; path = GLMPlugin.bundle; sourceTree = BUILT_PRODUCTS_DIR; };
		59869806E9BF8634A31F0082 /* Localizable.xcstrings */ = {isa = PBXFileReference; lastKnownFileType = text.json.xcstrings; path = Localizable.xcstrings; sourceTree = "<group>"; };
		7876649F623F2C2A74890BE2 /* GLMPlugin.swift */ = {isa = PBXFileReference; lastKnownFileType = sourcecode.swift; path = GLMPlugin.swift; sourceTree = "<group>"; };
		90157D5C33450B5E82BE041A /* manifest.json */ = {isa = PBXFileReference; lastKnownFileType = text.json; path = manifest.json; sourceTree = "<group>"; };
		9621F07D03B5374AA1B444CF /* manifest.json */ = {isa = PBXFileReference; lastKnownFileType = text.json; path = manifest.json; sourceTree = "<group>"; };
		A9F8AA567708CE9A2423D2AC /* manifest.json */ = {isa = PBXFileReference; lastKnownFileType = text.json; path = manifest.json; sourceTree = "<group>"; };
		C8BC12CFA316A84BB625CA18 /* Localizable.xcstrings */ = {isa = PBXFileReference; lastKnownFileType = text.json.xcstrings; path = Localizable.xcstrings; sourceTree = "<group>"; };
		D126FDE5D82C385EBB95DB5A /* Localizable.xcstrings */ = {isa = PBXFileReference; lastKnownFileType = text.json.xcstrings; path = Localizable.xcstrings; sourceTree = "<group>"; };
		DD000000000000000000D1 /* QwenLLMPlugin.bundle */ = {isa = PBXFileReference; explicitFileType = wrapper.cfbundle; includeInIndex = 0; path = QwenLLMPlugin.bundle; sourceTree = BUILT_PRODUCTS_DIR; };
		DD000000000000000000B1 /* QwenLLMPlugin.swift */ = {isa = PBXFileReference; lastKnownFileType = sourcecode.swift; path = QwenLLMPlugin.swift; sourceTree = "<group>"; };
		DD000000000000000000B2 /* manifest.json */ = {isa = PBXFileReference; lastKnownFileType = text.json; path = manifest.json; sourceTree = "<group>"; };
		DD000000000000000000B3 /* Localizable.xcstrings */ = {isa = PBXFileReference; lastKnownFileType = text.json.xcstrings; path = Localizable.xcstrings; sourceTree = "<group>"; };
/* End PBXFileReference section */

/* Begin PBXFrameworksBuildPhase section */
		4BDEA3546C9358DFDA69C91C /* Frameworks */ = {
			isa = PBXFrameworksBuildPhase;
			buildActionMask = 2147483647;
			files = (
				738BF608A392DBE2516307DD /* DavyWhisperPluginSDK in Frameworks */,
			);
			runOnlyForDeploymentPostprocessing = 0;
		};
		A26E77B96CE119EA44D647CB /* Frameworks */ = {
			isa = PBXFrameworksBuildPhase;
			buildActionMask = 2147483647;
			files = (
				5D848B5FE176DFDD62765F40 /* DavyWhisperPluginSDK in Frameworks */,
			);
			runOnlyForDeploymentPostprocessing = 0;
		};
		EA5F7809C58FAC946C6B8B55 /* Frameworks */ = {
			isa = PBXFrameworksBuildPhase;
			buildActionMask = 2147483647;
			files = (
				D488D5BC113F51B6C353CCA6 /* DavyWhisperPluginSDK in Frameworks */,
			);
			runOnlyForDeploymentPostprocessing = 0;
		};
		DD000000000000000000FF1 /* Frameworks */ = {
			isa = PBXFrameworksBuildPhase;
			buildActionMask = 2147483647;
			files = (
				DD000000000000000000A4 /* DavyWhisperPluginSDK in Frameworks */,
			);
			runOnlyForDeploymentPostprocessing = 0;
		};
/* End PBXFrameworksBuildPhase section */

/* Begin PBXGroup section */
		098E4A36774D5905BB066B98 = {
			isa = PBXGroup;
			children = (
				CE3D7146AE9A60BC8DF5EC6A /* GLMPlugin */,
				E5A5D8E425D837F75148C5C1 /* KimiPlugin */,
				EB65B485625E4552A82920FC /* MiniMaxPlugin */,
				DD000000000000000000E1 /* QwenLLMPlugin */,
				5236ED80EF890C6EBD7E92AD /* Packages */,
				BF80961617255CB38BD6D5E1 /* Products */,
			);
			sourceTree = "<group>";
		};
		5236ED80EF890C6EBD7E92AD /* Packages */ = {
			isa = PBXGroup;
			children = (
				10D8C9E7AFC81BC1E1409048 /* DavyWhisperPluginSDK */,
			);
			name = Packages;
			sourceTree = "<group>";
		};
		BF80961617255CB38BD6D5E1 /* Products */ = {
			isa = PBXGroup;
			children = (
				4000088132AC66C2D852C1E4 /* GLMPlugin.bundle */,
				2DBE96F8EC214609A34A0423 /* KimiPlugin.bundle */,
				1486EF56E3B069C5DC1B6826 /* MiniMaxPlugin.bundle */,
				DD000000000000000000D1 /* QwenLLMPlugin.bundle */,
			);
			name = Products;
			sourceTree = "<group>";
		};
		CE3D7146AE9A60BC8DF5EC6A /* GLMPlugin */ = {
			isa = PBXGroup;
			children = (
				7876649F623F2C2A74890BE2 /* GLMPlugin.swift */,
				59869806E9BF8634A31F0082 /* Localizable.xcstrings */,
				A9F8AA567708CE9A2423D2AC /* manifest.json */,
			);
			path = GLMPlugin;
			sourceTree = "<group>";
		};
		E5A5D8E425D837F75148C5C1 /* KimiPlugin */ = {
			isa = PBXGroup;
			children = (
				0EE412DD7DC86AB4898450F9 /* KimiPlugin.swift */,
				C8BC12CFA316A84BB625CA18 /* Localizable.xcstrings */,
				90157D5C33450B5E82BE041A /* manifest.json */,
			);
			path = KimiPlugin;
			sourceTree = "<group>";
		};
		EB65B485625E4552A82920FC /* MiniMaxPlugin */ = {
			isa = PBXGroup;
			children = (
				D126FDE5D82C385EBB95DB5A /* Localizable.xcstrings */,
				9621F07D03B5374AA1B444CF /* manifest.json */,
				103BD9E3D56F1A6430E57E81 /* MiniMaxPlugin.swift */,
			);
			path = MiniMaxPlugin;
			sourceTree = "<group>";
		};
		DD000000000000000000E1 /* QwenLLMPlugin */ = {
			isa = PBXGroup;
			children = (
				DD000000000000000000B1 /* QwenLLMPlugin.swift */,
				DD000000000000000000B3 /* Localizable.xcstrings */,
				DD000000000000000000B2 /* manifest.json */,
			);
			path = QwenLLMPlugin;
			sourceTree = "<group>";
		};
/* End PBXGroup section */

/* Begin PBXNativeTarget section */
		5E3394211E856966AF5E82F8 /* GLMPlugin */ = {
			isa = PBXNativeTarget;
			buildConfigurationList = 71F5AB98057957ED8A78F0A8 /* Build configuration list for PBXNativeTarget "GLMPlugin" */;
			buildPhases = (
				F16087073949AF86F668E8A4 /* Sources */,
				F5051666AFD8639B185A581F /* Resources */,
				4BDEA3546C9358DFDA69C91C /* Frameworks */,
			);
			buildRules = (
			);
			dependencies = (
			);
			name = GLMPlugin;
			packageProductDependencies = (
				26CA916EDE2D0B4B3073F4BF /* DavyWhisperPluginSDK */,
			);
			productName = GLMPlugin;
			productReference = 4000088132AC66C2D852C1E4 /* GLMPlugin.bundle */;
			productType = "com.apple.product-type.bundle";
		};
		A85AFA54A893B9BC57F60A86 /* KimiPlugin */ = {
			isa = PBXNativeTarget;
			buildConfigurationList = 8C5100D22D76CB247FEFC5E3 /* Build configuration list for PBXNativeTarget "KimiPlugin" */;
			buildPhases = (
				D73D2E26FD3446DBE7D01F8B /* Sources */,
				1C4E1A0D6C06DABE3408774A /* Resources */,
				A26E77B96CE119EA44D647CB /* Frameworks */,
			);
			buildRules = (
			);
			dependencies = (
			);
			name = KimiPlugin;
			packageProductDependencies = (
				25D03553312F4A5F890A012B /* DavyWhisperPluginSDK */,
			);
			productName = KimiPlugin;
			productReference = 2DBE96F8EC214609A34A0423 /* KimiPlugin.bundle */;
			productType = "com.apple.product-type.bundle";
		};
		EF35E0FE53DE625AD1E6A612 /* MiniMaxPlugin */ = {
			isa = PBXNativeTarget;
			buildConfigurationList = 752A9C664F4C3E0E1E83DD47 /* Build configuration list for PBXNativeTarget "MiniMaxPlugin" */;
			buildPhases = (
				C73C34E294247B8EA29599A5 /* Sources */,
				E5770179A3C4EC8D37BCDAFD /* Resources */,
				EA5F7809C58FAC946C6B8B55 /* Frameworks */,
			);
			buildRules = (
			);
			dependencies = (
			);
			name = MiniMaxPlugin;
			packageProductDependencies = (
				3A17D13EC3ED1429464B94E4 /* DavyWhisperPluginSDK */,
			);
			productName = MiniMaxPlugin;
			productReference = 1486EF56E3B069C5DC1B6826 /* MiniMaxPlugin.bundle */;
			productType = "com.apple.product-type.bundle";
		};
		DD00000000000000000031 /* QwenLLMPlugin */ = {
			isa = PBXNativeTarget;
			buildConfigurationList = DD000000000000000000F1 /* Build configuration list for PBXNativeTarget "QwenLLMPlugin" */;
			buildPhases = (
				DD000000000000000000FF2 /* Sources */,
				DD000000000000000000FF3 /* Resources */,
				DD000000000000000000FF1 /* Frameworks */,
			);
			buildRules = (
			);
			dependencies = (
			);
			name = QwenLLMPlugin;
			packageProductDependencies = (
				DD000000000000000000C1 /* DavyWhisperPluginSDK */,
			);
			productName = QwenLLMPlugin;
			productReference = DD000000000000000000D1 /* QwenLLMPlugin.bundle */;
			productType = "com.apple.product-type.bundle";
		};
/* End PBXNativeTarget section */

/* Begin PBXProject section */
		5CCCEE5E3CB2C0F1136CB836 /* Project object */ = {
			isa = PBXProject;
			attributes = {
				BuildIndependentTargetsInParallel = YES;
				LastUpgradeCheck = 1600;
				TargetAttributes = {
				};
			};
			buildConfigurationList = 1DCE2B3290A4685EC8B6B09A /* Build configuration list for PBXProject "DavyWhisperPlugins" */;
			developmentRegion = en;
			hasScannedForEncodings = 0;
			knownRegions = (
				Base,
				en,
				"zh-Hans",
			);
			mainGroup = 098E4A36774D5905BB066B98;
			minimizedProjectReferenceProxies = 1;
			packageReferences = (
				39A7553AB95161107E1EDD41 /* XCLocalSwiftPackageReference "../DavyWhisperPluginSDK" */,
			);
			preferredProjectObjectVersion = 77;
			productRefGroup = BF80961617255CB38BD6D5E1 /* Products */;
			projectDirPath = "";
			projectRoot = "";
			targets = (
				5E3394211E856966AF5E82F8 /* GLMPlugin */,
				A85AFA54A893B9BC57F60A86 /* KimiPlugin */,
				EF35E0FE53DE625AD1E6A612 /* MiniMaxPlugin */,
				DD00000000000000000031 /* QwenLLMPlugin */,
			);
		};
/* End PBXProject section */

/* Begin PBXResourcesBuildPhase section */
		1C4E1A0D6C06DABE3408774A /* Resources */ = {
			isa = PBXResourcesBuildPhase;
			buildActionMask = 2147483647;
			files = (
				B08A468933546EF4888DED17 /* Localizable.xcstrings in Resources */,
				789B4C93143862ADC07C038C /* manifest.json in Resources */,
			);
			runOnlyForDeploymentPostprocessing = 0;
		};
		E5770179A3C4EC8D37BCDAFD /* Resources */ = {
			isa = PBXResourcesBuildPhase;
			buildActionMask = 2147483647;
			files = (
				FC9A26D9FC101D1F986D46CC /* Localizable.xcstrings in Resources */,
				3F609FC825104E3FBF87B6CC /* manifest.json in Resources */,
			);
			runOnlyForDeploymentPostprocessing = 0;
		};
		F5051666AFD8639B185A581F /* Resources */ = {
			isa = PBXResourcesBuildPhase;
			buildActionMask = 2147483647;
			files = (
				42B33D3967F3926CA1120F61 /* Localizable.xcstrings in Resources */,
				B7EC1A005D3747EB8C2547D3 /* manifest.json in Resources */,
			);
			runOnlyForDeploymentPostprocessing = 0;
		};
		DD000000000000000000FF3 /* Resources */ = {
			isa = PBXResourcesBuildPhase;
			buildActionMask = 2147483647;
			files = (
				DD000000000000000000A3 /* Localizable.xcstrings in Resources */,
				DD000000000000000000A2 /* manifest.json in Resources */,
			);
			runOnlyForDeploymentPostprocessing = 0;
		};
/* End PBXResourcesBuildPhase section */

/* Begin PBXSourcesBuildPhase section */
		C73C34E294247B8EA29599A5 /* Sources */ = {
			isa = PBXSourcesBuildPhase;
			buildActionMask = 2147483647;
			files = (
				5528001F89CD3BA9ED338F32 /* MiniMaxPlugin.swift in Sources */,
			);
			runOnlyForDeploymentPostprocessing = 0;
		};
		D73D2E26FD3446DBE7D01F8B /* Sources */ = {
			isa = PBXSourcesBuildPhase;
			buildActionMask = 2147483647;
			files = (
				EEB1780691FE6766E83A382A /* KimiPlugin.swift in Sources */,
			);
			runOnlyForDeploymentPostprocessing = 0;
		};
		F16087073949AF86F668E8A4 /* Sources */ = {
			isa = PBXSourcesBuildPhase;
			buildActionMask = 2147483647;
			files = (
				418FFB3D3B8FB68A3C7EB231 /* GLMPlugin.swift in Sources */,
			);
			runOnlyForDeploymentPostprocessing = 0;
		};
		DD000000000000000000FF2 /* Sources */ = {
			isa = PBXSourcesBuildPhase;
			buildActionMask = 2147483647;
			files = (
				DD000000000000000000A1 /* QwenLLMPlugin.swift in Sources */,
			);
			runOnlyForDeploymentPostprocessing = 0;
		};
/* End PBXSourcesBuildPhase section */

/* Begin XCBuildConfiguration section */
		1814B6030CE6F5EF8A6ACC8D /* Release */ = {
			isa = XCBuildConfiguration;
			buildSettings = {
				ALWAYS_SEARCH_USER_PATHS = NO;
				CLANG_ANALYZER_NONNULL = YES;
				CLANG_ANALYZER_NUMBER_OBJECT_CONVERSION = YES_AGGRESSIVE;
				CLANG_CXX_LANGUAGE_STANDARD = "gnu++14";
				CLANG_CXX_LIBRARY = "libc++";
				CLANG_ENABLE_MODULES = YES;
				CLANG_ENABLE_OBJC_ARC = YES;
				CLANG_ENABLE_OBJC_WEAK = YES;
				CLANG_WARN_BLOCK_CAPTURE_AUTORELEASING = YES;
				CLANG_WARN_BOOL_CONVERSION = YES;
				CLANG_WARN_COMMA = YES;
				CLANG_WARN_CONSTANT_CONVERSION = YES;
				CLANG_WARN_DEPRECATED_OBJC_IMPLEMENTATIONS = YES;
				CLANG_WARN_DIRECT_OBJC_ISA_USAGE = YES_ERROR;
				CLANG_WARN_DOCUMENTATION_COMMENTS = YES;
				CLANG_WARN_EMPTY_BODY = YES;
				CLANG_WARN_ENUM_CONVERSION = YES;
				CLANG_WARN_INFINITE_RECURSION = YES;
				CLANG_WARN_INT_CONVERSION = YES;
				CLANG_WARN_NON_LITERAL_NULL_CONVERSION = YES;
				CLANG_WARN_OBJC_IMPLICIT_RETAIN_SELF = YES;
				CLANG_WARN_OBJC_LITERAL_CONVERSION = YES;
				CLANG_WARN_OBJC_ROOT_CLASS = YES_ERROR;
				CLANG_WARN_QUOTED_INCLUDE_IN_FRAMEWORK_HEADER = YES;
				CLANG_WARN_RANGE_LOOP_ANALYSIS = YES;
				CLANG_WARN_STRICT_PROTOTYPES = YES;
				CLANG_WARN_SUSPICIOUS_MOVE = YES;
				CLANG_WARN_UNGUARDED_AVAILABILITY = YES_AGGRESSIVE;
				CLANG_WARN_UNREACHABLE_CODE = YES;
				CLANG_WARN__DUPLICATE_METHOD_MATCH = YES;
				CODE_SIGNING_ALLOWED = NO;
				CODE_SIGNING_REQUIRED = NO;
				CODE_SIGN_IDENTITY = "-";
				COPY_PHASE_STRIP = NO;
				DEBUG_INFORMATION_FORMAT = "dwarf-with-dsym";
				ENABLE_NS_ASSERTIONS = NO;
				ENABLE_STRICT_OBJC_MSGSEND = YES;
				GCC_C_LANGUAGE_STANDARD = gnu11;
				GCC_NO_COMMON_BLOCKS = YES;
				GCC_WARN_64_TO_32_BIT_CONVERSION = YES;
				GCC_WARN_ABOUT_RETURN_TYPE = YES_ERROR;
				GCC_WARN_UNDECLARED_SELECTOR = YES;
				GCC_WARN_UNINITIALIZED_AUTOS = YES_AGGRESSIVE;
				GCC_WARN_UNUSED_FUNCTION = YES;
				GCC_WARN_UNUSED_VARIABLE = YES;
				MACOSX_DEPLOYMENT_TARGET = 14.0;
				MTL_ENABLE_DEBUG_INFO = NO;
				MTL_FAST_MATH = YES;
				PRODUCT_NAME = "$(TARGET_NAME)";
				SDKROOT = macosx;
				SWIFT_COMPILATION_MODE = wholemodule;
				SWIFT_OPTIMIZATION_LEVEL = "-O";
				SWIFT_VERSION = 6.0;
			};
			name = Release;
		};
		3F3CD5DB0681F2F632763359 /* Release */ = {
			isa = XCBuildConfiguration;
			buildSettings = {
				COMBINE_HIDPI_IMAGES = YES;
				GENERATE_INFOPLIST_FILE = YES;
				INFOPLIST_KEY_CFBundleDisplayName = MiniMax;
				INFOPLIST_KEY_NSHumanReadableCopyright = "";
				LD_RUNPATH_SEARCH_PATHS = (
					"$(inherited)",
					"@executable_path/../Frameworks",
				);
				PRODUCT_BUNDLE_IDENTIFIER = com.davywhisper.minimax;
				SDKROOT = macosx;
				SKIP_INSTALL = YES;
				WRAPPER_EXTENSION = bundle;
			};
			name = Release;
		};
		5019875D08A58027EB1EC362 /* Debug */ = {
			isa = XCBuildConfiguration;
			buildSettings = {
				ALWAYS_SEARCH_USER_PATHS = NO;
				CLANG_ANALYZER_NONNULL = YES;
				CLANG_ANALYZER_NUMBER_OBJECT_CONVERSION = YES_AGGRESSIVE;
				CLANG_CXX_LANGUAGE_STANDARD = "gnu++14";
				CLANG_CXX_LIBRARY = "libc++";
				CLANG_ENABLE_MODULES = YES;
				CLANG_ENABLE_OBJC_ARC = YES;
				CLANG_ENABLE_OBJC_WEAK = YES;
				CLANG_WARN_BLOCK_CAPTURE_AUTORELEASING = YES;
				CLANG_WARN_BOOL_CONVERSION = YES;
				CLANG_WARN_COMMA = YES;
				CLANG_WARN_CONSTANT_CONVERSION = YES;
				CLANG_WARN_DEPRECATED_OBJC_IMPLEMENTATIONS = YES;
				CLANG_WARN_DIRECT_OBJC_ISA_USAGE = YES_ERROR;
				CLANG_WARN_DOCUMENTATION_COMMENTS = YES;
				CLANG_WARN_EMPTY_BODY = YES;
				CLANG_WARN_ENUM_CONVERSION = YES;
				CLANG_WARN_INFINITE_RECURSION = YES;
				CLANG_WARN_INT_CONVERSION = YES;
				CLANG_WARN_NON_LITERAL_NULL_CONVERSION = YES;
				CLANG_WARN_OBJC_IMPLICIT_RETAIN_SELF = YES;
				CLANG_WARN_OBJC_LITERAL_CONVERSION = YES;
				CLANG_WARN_OBJC_ROOT_CLASS = YES_ERROR;
				CLANG_WARN_QUOTED_INCLUDE_IN_FRAMEWORK_HEADER = YES;
				CLANG_WARN_RANGE_LOOP_ANALYSIS = YES;
				CLANG_WARN_STRICT_PROTOTYPES = YES;
				CLANG_WARN_SUSPICIOUS_MOVE = YES;
				CLANG_WARN_UNGUARDED_AVAILABILITY = YES_AGGRESSIVE;
				CLANG_WARN_UNREACHABLE_CODE = YES;
				CLANG_WARN__DUPLICATE_METHOD_MATCH = YES;
				CODE_SIGNING_ALLOWED = NO;
				CODE_SIGNING_REQUIRED = NO;
				CODE_SIGN_IDENTITY = "-";
				COPY_PHASE_STRIP = NO;
				DEBUG_INFORMATION_FORMAT = dwarf;
				ENABLE_STRICT_OBJC_MSGSEND = YES;
				ENABLE_TESTABILITY = YES;
				GCC_C_LANGUAGE_STANDARD = gnu11;
				GCC_DYNAMIC_NO_PIC = NO;
				GCC_NO_COMMON_BLOCKS = YES;
				GCC_OPTIMIZATION_LEVEL = 0;
				GCC_PREPROCESSOR_DEFINITIONS = (
					"$(inherited)",
					"DEBUG=1",
				);
				GCC_WARN_64_TO_32_BIT_CONVERSION = YES;
				GCC_WARN_ABOUT_RETURN_TYPE = YES_ERROR;
				GCC_WARN_UNDECLARED_SELECTOR = YES;
				GCC_WARN_UNINITIALIZED_AUTOS = YES_AGGRESSIVE;
				GCC_WARN_UNUSED_FUNCTION = YES;
				GCC_WARN_UNUSED_VARIABLE = YES;
				MACOSX_DEPLOYMENT_TARGET = 14.0;
				MTL_ENABLE_DEBUG_INFO = INCLUDE_SOURCE;
				MTL_FAST_MATH = YES;
				ONLY_ACTIVE_ARCH = YES;
				PRODUCT_NAME = "$(TARGET_NAME)";
				SDKROOT = macosx;
				SWIFT_ACTIVE_COMPILATION_CONDITIONS = DEBUG;
				SWIFT_OPTIMIZATION_LEVEL = "-Onone";
				SWIFT_VERSION = 6.0;
			};
			name = Debug;
		};
		53FA08206B38225DB0564D15 /* Debug */ = {
			isa = XCBuildConfiguration;
			buildSettings = {
				COMBINE_HIDPI_IMAGES = YES;
				GENERATE_INFOPLIST_FILE = YES;
				INFOPLIST_KEY_CFBundleDisplayName = MiniMax;
				INFOPLIST_KEY_NSHumanReadableCopyright = "";
				LD_RUNPATH_SEARCH_PATHS = (
					"$(inherited)",
					"@executable_path/../Frameworks",
				);
				PRODUCT_BUNDLE_IDENTIFIER = com.davywhisper.minimax;
				SDKROOT = macosx;
				SKIP_INSTALL = YES;
				WRAPPER_EXTENSION = bundle;
			};
			name = Debug;
		};
		926217FF1A4CD801860068E6 /* Debug */ = {
			isa = XCBuildConfiguration;
			buildSettings = {
				COMBINE_HIDPI_IMAGES = YES;
				GENERATE_INFOPLIST_FILE = YES;
				INFOPLIST_KEY_CFBundleDisplayName = Kimi;
				INFOPLIST_KEY_NSHumanReadableCopyright = "";
				LD_RUNPATH_SEARCH_PATHS = (
					"$(inherited)",
					"@executable_path/../Frameworks",
				);
				PRODUCT_BUNDLE_IDENTIFIER = com.davywhisper.kimi;
				SDKROOT = macosx;
				SKIP_INSTALL = YES;
				WRAPPER_EXTENSION = bundle;
			};
			name = Debug;
		};
		B763BB2F79528DDB2B83F38D /* Release */ = {
			isa = XCBuildConfiguration;
			buildSettings = {
				COMBINE_HIDPI_IMAGES = YES;
				GENERATE_INFOPLIST_FILE = YES;
				INFOPLIST_KEY_CFBundleDisplayName = GLM;
				INFOPLIST_KEY_NSHumanReadableCopyright = "";
				LD_RUNPATH_SEARCH_PATHS = (
					"$(inherited)",
					"@executable_path/../Frameworks",
				);
				PRODUCT_BUNDLE_IDENTIFIER = com.davywhisper.glm;
				SDKROOT = macosx;
				SKIP_INSTALL = YES;
				WRAPPER_EXTENSION = bundle;
			};
			name = Release;
		};
		CA579C03713D93641D2A9389 /* Debug */ = {
			isa = XCBuildConfiguration;
			buildSettings = {
				COMBINE_HIDPI_IMAGES = YES;
				GENERATE_INFOPLIST_FILE = YES;
				INFOPLIST_KEY_CFBundleDisplayName = GLM;
				INFOPLIST_KEY_NSHumanReadableCopyright = "";
				LD_RUNPATH_SEARCH_PATHS = (
					"$(inherited)",
					"@executable_path/../Frameworks",
				);
				PRODUCT_BUNDLE_IDENTIFIER = com.davywhisper.glm;
				SDKROOT = macosx;
				SKIP_INSTALL = YES;
				WRAPPER_EXTENSION = bundle;
			};
			name = Debug;
		};
		DFA845B2005DE8B64961B5BE /* Release */ = {
			isa = XCBuildConfiguration;
			buildSettings = {
				COMBINE_HIDPI_IMAGES = YES;
				GENERATE_INFOPLIST_FILE = YES;
				INFOPLIST_KEY_CFBundleDisplayName = Kimi;
				INFOPLIST_KEY_NSHumanReadableCopyright = "";
				LD_RUNPATH_SEARCH_PATHS = (
					"$(inherited)",
					"@executable_path/../Frameworks",
				);
				PRODUCT_BUNDLE_IDENTIFIER = com.davywhisper.kimi;
				SDKROOT = macosx;
				SKIP_INSTALL = YES;
				WRAPPER_EXTENSION = bundle;
			};
			name = Release;
		};
		DD000000000000000000D2 /* Debug */ = {
			isa = XCBuildConfiguration;
			buildSettings = {
				COMBINE_HIDPI_IMAGES = YES;
				GENERATE_INFOPLIST_FILE = YES;
				INFOPLIST_KEY_CFBundleDisplayName = Qwen;
				INFOPLIST_KEY_NSHumanReadableCopyright = "";
				LD_RUNPATH_SEARCH_PATHS = (
					"$(inherited)",
					"@executable_path/../Frameworks",
				);
				PRODUCT_BUNDLE_IDENTIFIER = com.davywhisper.qwen;
				SDKROOT = macosx;
				SKIP_INSTALL = YES;
				WRAPPER_EXTENSION = bundle;
			};
			name = Debug;
		};
		DD000000000000000000D3 /* Release */ = {
			isa = XCBuildConfiguration;
			buildSettings = {
				COMBINE_HIDPI_IMAGES = YES;
				GENERATE_INFOPLIST_FILE = YES;
				INFOPLIST_KEY_CFBundleDisplayName = Qwen;
				INFOPLIST_KEY_NSHumanReadableCopyright = "";
				LD_RUNPATH_SEARCH_PATHS = (
					"$(inherited)",
					"@executable_path/../Frameworks",
				);
				PRODUCT_BUNDLE_IDENTIFIER = com.davywhisper.qwen;
				SDKROOT = macosx;
				SKIP_INSTALL = YES;
				WRAPPER_EXTENSION = bundle;
			};
			name = Release;
		};
/* End XCBuildConfiguration section */

/* Begin XCConfigurationList section */
		1DCE2B3290A4685EC8B6B09A /* Build configuration list for PBXProject "DavyWhisperPlugins" */ = {
			isa = XCConfigurationList;
			buildConfigurations = (
				5019875D08A58027EB1EC362 /* Debug */,
				1814B6030CE6F5EF8A6ACC8D /* Release */,
			);
			defaultConfigurationIsVisible = 0;
			defaultConfigurationName = Debug;
		};
		71F5AB98057957ED8A78F0A8 /* Build configuration list for PBXNativeTarget "GLMPlugin" */ = {
			isa = XCConfigurationList;
			buildConfigurations = (
				CA579C03713D93641D2A9389 /* Debug */,
				B763BB2F79528DDB2B83F38D /* Release */,
			);
			defaultConfigurationIsVisible = 0;
			defaultConfigurationName = Debug;
		};
		752A9C664F4C3E0E1E83DD47 /* Build configuration list for PBXNativeTarget "MiniMaxPlugin" */ = {
			isa = XCConfigurationList;
			buildConfigurations = (
				53FA08206B38225DB0564D15 /* Debug */,
				3F3CD5DB0681F2F632763359 /* Release */,
			);
			defaultConfigurationIsVisible = 0;
			defaultConfigurationName = Debug;
		};
		8C5100D22D76CB247FEFC5E3 /* Build configuration list for PBXNativeTarget "KimiPlugin" */ = {
			isa = XCConfigurationList;
			buildConfigurations = (
				926217FF1A4CD801860068E6 /* Debug */,
				DFA845B2005DE8B64961B5BE /* Release */,
			);
			defaultConfigurationIsVisible = 0;
			defaultConfigurationName = Debug;
		};
		DD000000000000000000F1 /* Build configuration list for PBXNativeTarget "QwenLLMPlugin" */ = {
			isa = XCConfigurationList;
			buildConfigurations = (
				DD000000000000000000D2 /* Debug */,
				DD000000000000000000D3 /* Release */,
			);
			defaultConfigurationIsVisible = 0;
			defaultConfigurationName = Debug;
		};
/* End XCConfigurationList section */

/* Begin XCLocalSwiftPackageReference section */
		39A7553AB95161107E1EDD41 /* XCLocalSwiftPackageReference "../DavyWhisperPluginSDK" */ = {
			isa = XCLocalSwiftPackageReference;
			relativePath = ../DavyWhisperPluginSDK;
		};
/* End XCLocalSwiftPackageReference section */

/* Begin XCSwiftPackageProductDependency section */
		25D03553312F4A5F890A012B /* DavyWhisperPluginSDK */ = {
			isa = XCSwiftPackageProductDependency;
			productName = DavyWhisperPluginSDK;
		};
		26CA916EDE2D0B4B3073F4BF /* DavyWhisperPluginSDK */ = {
			isa = XCSwiftPackageProductDependency;
			productName = DavyWhisperPluginSDK;
		};
		3A17D13EC3ED1429464B94E4 /* DavyWhisperPluginSDK */ = {
			isa = XCSwiftPackageProductDependency;
			productName = DavyWhisperPluginSDK;
		};
		DD000000000000000000C1 /* DavyWhisperPluginSDK */ = {
			isa = XCSwiftPackageProductDependency;
			productName = DavyWhisperPluginSDK;
		};
/* End XCSwiftPackageProductDependency section */
	};
	rootObject = 5CCCEE5E3CB2C0F1136CB836 /* Project object */;
}
